
Microsoft Visual Studio Solution File, Format Version 12.00
# Visual Studio Version 17
VisualStudioVersion = 17.4.33213.308
MinimumVisualStudioVersion = 10.0.40219.1
Project("{FAE04EC0-301F-11D3-BF4B-00C04F79EFBC}") = "OrientadaAFuncoesSeparandoPorArquivos", "Aula02Curso\OrientadaAFuncoesSeparandoPorArquivos.csproj", "{328CFE0D-1672-4B53-8730-431828E29B1B}"
EndProject
Global
	GlobalSection(SolutionConfigurationPlatforms) = preSolution
		Debug|Any CPU = Debug|Any CPU
		Release|Any CPU = Release|Any CPU
	EndGlobalSection
	GlobalSection(ProjectConfigurationPlatforms) = postSolution
		{328CFE0D-1672-4B53-8730-431828E29B1B}.Debug|Any CPU.ActiveCfg = Debug|Any CPU
		{328CFE0D-1672-4B53-8730-431828E29B1B}.Debug|Any CPU.Build.0 = Debug|Any CPU
		{328CFE0D-1672-4B53-8730-431828E29B1B}.Release|Any CPU.ActiveCfg = Release|Any CPU
		{328CFE0D-1672-4B53-8730-431828E29B1B}.Release|Any CPU.Build.0 = Release|Any CPU
	EndGlobalSection
	GlobalSection(SolutionProperties) = preSolution
		HideSolutionNode = FALSE
	EndGlobalSection
	GlobalSection(ExtensibilityGlobals) = postSolution
		SolutionGuid = {21E9BA20-6BF0-4BBA-94CD-7A6110CD4F18}
	EndGlobalSection
EndGlobal
